PODS:
  - audio_session (0.0.1):
    - FlutterMacOS
  - audioplayers_darwin (0.0.1):
    - FlutterMacOS
  - connectivity_plus (0.0.1):
    - FlutterMacOS
  - device_info_plus (0.0.1):
    - FlutterMacOS
  - file_picker (0.0.1):
    - FlutterMacOS
  - flutter_volume_controller (0.0.1):
    - FlutterMacOS
  - FlutterMacOS (1.0.0)
  - just_audio (0.0.1):
    - Flutter
    - FlutterMacOS
  - package_info_plus (0.0.1):
    - FlutterMacOS
  - path_provider_foundation (0.0.1):
    - Flutter
    - FlutterMacOS
  - shared_preferences_foundation (0.0.1):
    - Flutter
    - FlutterMacOS
  - sqflite_darwin (0.0.4):
    - Flutter
    - FlutterMacOS
  - wakelock_plus (0.0.1):
    - FlutterMacOS
  - zego_express_engine (3.20.5):
    - FlutterMacOS
  - zego_zim (2.20.0):
    - FlutterMacOS
    - ZIM_macOS (= 2.20.0)
  - ZIM_macOS (2.20.0)

DEPENDENCIES:
  - audio_session (from `Flutter/ephemeral/.symlinks/plugins/audio_session/macos`)
  - audioplayers_darwin (from `Flutter/ephemeral/.symlinks/plugins/audioplayers_darwin/macos`)
  - connectivity_plus (from `Flutter/ephemeral/.symlinks/plugins/connectivity_plus/macos`)
  - device_info_plus (from `Flutter/ephemeral/.symlinks/plugins/device_info_plus/macos`)
  - file_picker (from `Flutter/ephemeral/.symlinks/plugins/file_picker/macos`)
  - flutter_volume_controller (from `Flutter/ephemeral/.symlinks/plugins/flutter_volume_controller/macos`)
  - FlutterMacOS (from `Flutter/ephemeral`)
  - just_audio (from `Flutter/ephemeral/.symlinks/plugins/just_audio/darwin`)
  - package_info_plus (from `Flutter/ephemeral/.symlinks/plugins/package_info_plus/macos`)
  - path_provider_foundation (from `Flutter/ephemeral/.symlinks/plugins/path_provider_foundation/darwin`)
  - shared_preferences_foundation (from `Flutter/ephemeral/.symlinks/plugins/shared_preferences_foundation/darwin`)
  - sqflite_darwin (from `Flutter/ephemeral/.symlinks/plugins/sqflite_darwin/darwin`)
  - wakelock_plus (from `Flutter/ephemeral/.symlinks/plugins/wakelock_plus/macos`)
  - zego_express_engine (from `Flutter/ephemeral/.symlinks/plugins/zego_express_engine/macos`)
  - zego_zim (from `Flutter/ephemeral/.symlinks/plugins/zego_zim/macos`)

SPEC REPOS:
  trunk:
    - ZIM_macOS

EXTERNAL SOURCES:
  audio_session:
    :path: Flutter/ephemeral/.symlinks/plugins/audio_session/macos
  audioplayers_darwin:
    :path: Flutter/ephemeral/.symlinks/plugins/audioplayers_darwin/macos
  connectivity_plus:
    :path: Flutter/ephemeral/.symlinks/plugins/connectivity_plus/macos
  device_info_plus:
    :path: Flutter/ephemeral/.symlinks/plugins/device_info_plus/macos
  file_picker:
    :path: Flutter/ephemeral/.symlinks/plugins/file_picker/macos
  flutter_volume_controller:
    :path: Flutter/ephemeral/.symlinks/plugins/flutter_volume_controller/macos
  FlutterMacOS:
    :path: Flutter/ephemeral
  just_audio:
    :path: Flutter/ephemeral/.symlinks/plugins/just_audio/darwin
  package_info_plus:
    :path: Flutter/ephemeral/.symlinks/plugins/package_info_plus/macos
  path_provider_foundation:
    :path: Flutter/ephemeral/.symlinks/plugins/path_provider_foundation/darwin
  shared_preferences_foundation:
    :path: Flutter/ephemeral/.symlinks/plugins/shared_preferences_foundation/darwin
  sqflite_darwin:
    :path: Flutter/ephemeral/.symlinks/plugins/sqflite_darwin/darwin
  wakelock_plus:
    :path: Flutter/ephemeral/.symlinks/plugins/wakelock_plus/macos
  zego_express_engine:
    :path: Flutter/ephemeral/.symlinks/plugins/zego_express_engine/macos
  zego_zim:
    :path: Flutter/ephemeral/.symlinks/plugins/zego_zim/macos

SPEC CHECKSUMS:
  audio_session: 728ae3823d914f809c485d390274861a24b0904e
  audioplayers_darwin: dcad41de4fbd0099cb3749f7ab3b0cb8f70b810c
  connectivity_plus: 0a976dfd033b59192912fa3c6c7b54aab5093802
  device_info_plus: 1b14eed9bf95428983aed283a8d51cce3d8c4215
  file_picker: e716a70a9fe5fd9e09ebc922d7541464289443af
  flutter_volume_controller: 25d09126b0d695560f11c80b1311d5063fed882f
  FlutterMacOS: 8f6f14fa908a6fb3fba0cd85dbd81ec4b251fb24
  just_audio: a42c63806f16995daf5b219ae1d679deb76e6a79
  package_info_plus: 12f1c5c2cfe8727ca46cbd0b26677728972d9a5b
  path_provider_foundation: 2b6b4c569c0fb62ec74538f866245ac84301af46
  shared_preferences_foundation: fcdcbc04712aee1108ac7fda236f363274528f78
  sqflite_darwin: 5a7236e3b501866c1c9befc6771dfd73ffb8702d
  wakelock_plus: 4783562c9a43d209c458cb9b30692134af456269
  zego_express_engine: 02787a820995315c54bd597486beea9c4698d160
  zego_zim: 2fa001c31d079e911bd6633d3373f82e909151e0
  ZIM_macOS: 3f742aa31d2c79c36c9501fc7f49ec5402f82a60

PODFILE CHECKSUM: 7eb978b976557c8c1cd717d8185ec483fd090a82

COCOAPODS: 1.16.2
